
Microsoft Visual Studio Solution File, Format Version 12.00
# Visual Studio Version 16
VisualStudioVersion = 16.0.32510.428
MinimumVisualStudioVersion = 10.0.40219.1
Project("{8BC9CEB8-8B4A-11D0-8D11-00A0C91BC942}") = "Henryk Farfan CS 210 5-2 Assignment Working With Files", "Henryk Farfan CS 210 5-2 Assignment Working With Files\Henryk Farfan CS 210 5-2 Assignment Working With Files.vcxproj", "{886C82B6-007B-43C7-BC61-438CE79FD377}"
EndProject
Global
	GlobalSection(SolutionConfigurationPlatforms) = preSolution
		Debug|x64 = Debug|x64
		Debug|x86 = Debug|x86
		Release|x64 = Release|x64
		Release|x86 = Release|x86
	EndGlobalSection
	GlobalSection(ProjectConfigurationPlatforms) = postSolution
		{886C82B6-007B-43C7-BC61-438CE79FD377}.Debug|x64.ActiveCfg = Debug|x64
		{886C82B6-007B-43C7-BC61-438CE79FD377}.Debug|x64.Build.0 = Debug|x64
		{886C82B6-007B-43C7-BC61-438CE79FD377}.Debug|x86.ActiveCfg = Debug|Win32
		{886C82B6-007B-43C7-BC61-438CE79FD377}.Debug|x86.Build.0 = Debug|Win32
		{886C82B6-007B-43C7-BC61-438CE79FD377}.Release|x64.ActiveCfg = Release|x64
		{886C82B6-007B-43C7-BC61-438CE79FD377}.Release|x64.Build.0 = Release|x64
		{886C82B6-007B-43C7-BC61-438CE79FD377}.Release|x86.ActiveCfg = Release|Win32
		{886C82B6-007B-43C7-BC61-438CE79FD377}.Release|x86.Build.0 = Release|Win32
	EndGlobalSection
	GlobalSection(SolutionProperties) = preSolution
		HideSolutionNode = FALSE
	EndGlobalSection
	GlobalSection(ExtensibilityGlobals) = postSolution
		SolutionGuid = {142F7261-C146-4C70-B024-52084B48787A}
	EndGlobalSection
EndGlobal
